
Microsoft Visual Studio Solution File, Format Version 12.00
# Visual Studio Version 17
VisualStudioVersion = 17.9.34701.34
MinimumVisualStudioVersion = 10.0.40219.1
Project("{FAE04EC0-301F-11D3-BF4B-00C04F79EFBC}") = "DemoTokenAPI", "DemoTokenAPI\DemoTokenAPI.csproj", "{32C4C62E-3BC7-4E6F-B3F1-D0D311195259}"
EndProject
Global
	GlobalSection(SolutionConfigurationPlatforms) = preSolution
		Debug|Any CPU = Debug|Any CPU
		Release|Any CPU = Release|Any CPU
	EndGlobalSection
	GlobalSection(ProjectConfigurationPlatforms) = postSolution
		{32C4C62E-3BC7-4E6F-B3F1-D0D311195259}.Debug|Any CPU.ActiveCfg = Debug|Any CPU
		{32C4C62E-3BC7-4E6F-B3F1-D0D311195259}.Debug|Any CPU.Build.0 = Debug|Any CPU
		{32C4C62E-3BC7-4E6F-B3F1-D0D311195259}.Release|Any CPU.ActiveCfg = Release|Any CPU
		{32C4C62E-3BC7-4E6F-B3F1-D0D311195259}.Release|Any CPU.Build.0 = Release|Any CPU
	EndGlobalSection
	GlobalSection(SolutionProperties) = preSolution
		HideSolutionNode = FALSE
	EndGlobalSection
	GlobalSection(ExtensibilityGlobals) = postSolution
		SolutionGuid = {E19A8F8B-D1DF-4256-AAF5-51BBA0328C4B}
	EndGlobalSection
EndGlobal
